
Microsoft Visual Studio Solution File, Format Version 10.00
# Visual Studio 2008
Project("{FAE04EC0-301F-11D3-BF4B-00C04F79EFBC}") = "eventcreate2", "eventcreate2\eventcreate2.csproj", "{0B24F5A0-DB10-498E-AF3E-48A0CD86CCFD}"
EndProject
Global
	GlobalSection(SolutionConfigurationPlatforms) = preSolution
		Debug|Any CPU = Debug|Any CPU
		Release|Any CPU = Release|Any CPU
	EndGlobalSection
	GlobalSection(ProjectConfigurationPlatforms) = postSolution
		{0B24F5A0-DB10-498E-AF3E-48A0CD86CCFD}.Debug|Any CPU.ActiveCfg = Debug|Any CPU
		{0B24F5A0-DB10-498E-AF3E-48A0CD86CCFD}.Debug|Any CPU.Build.0 = Debug|Any CPU
		{0B24F5A0-DB10-498E-AF3E-48A0CD86CCFD}.Release|Any CPU.ActiveCfg = Release|Any CPU
		{0B24F5A0-DB10-498E-AF3E-48A0CD86CCFD}.Release|Any CPU.Build.0 = Release|Any CPU
	EndGlobalSection
	GlobalSection(SolutionProperties) = preSolution
		HideSolutionNode = FALSE
	EndGlobalSection
EndGlobal
